
Microsoft Visual Studio Solution File, Format Version 12.00
# Visual Studio Version 16
VisualStudioVersion = 16.0.30804.86
MinimumVisualStudioVersion = 10.0.40219.1
Project("{FAE04EC0-301F-11D3-BF4B-00C04F79EFBC}") = "GoogleAuth", "GoogleAuth\GoogleAuth.csproj", "{9875F7CB-2B58-4DE8-91BF-7BDEEFC4EB4E}"
EndProject
Global
	GlobalSection(SolutionConfigurationPlatforms) = preSolution
		Debug|Any CPU = Debug|Any CPU
		Release|Any CPU = Release|Any CPU
	EndGlobalSection
	GlobalSection(ProjectConfigurationPlatforms) = postSolution
		{9875F7CB-2B58-4DE8-91BF-7BDEEFC4EB4E}.Debug|Any CPU.ActiveCfg = Debug|Any CPU
		{9875F7CB-2B58-4DE8-91BF-7BDEEFC4EB4E}.Debug|Any CPU.Build.0 = Debug|Any CPU
		{9875F7CB-2B58-4DE8-91BF-7BDEEFC4EB4E}.Release|Any CPU.ActiveCfg = Release|Any CPU
		{9875F7CB-2B58-4DE8-91BF-7BDEEFC4EB4E}.Release|Any CPU.Build.0 = Release|Any CPU
	EndGlobalSection
	GlobalSection(SolutionProperties) = preSolution
		HideSolutionNode = FALSE
	EndGlobalSection
	GlobalSection(ExtensibilityGlobals) = postSolution
		SolutionGuid = {F81CCC3B-F3FD-43EA-B539-5AC344E0B54D}
	EndGlobalSection
EndGlobal
